{
  "nodes": {
    "nixpkgs": {
      "locked": {
        "lastModified": 1790149054,
        "narHash": "sha256-FfjXg6mAzKQBCY+7V9keGWOXG4DV2Eym/qA987lFl8A=",
        "owner": "NixOS",
        "repo": "nixpkgs",
        "rev": "8825bebf6324e0579d012936eff73379af284b6d",
        "type": "github"
      },
      "original": {
        "owner": "NixOS",
        "ref": "nixpkgs-unstable",
        "repo": "nixpkgs",
        "type": "github"
      }
    },
    "root": {
      "inputs": {
        "nixpkgs": "nixpkgs",
        "rust-overlay": "rust-overlay"
      }
    },
    "rust-overlay": {
      "inputs": {
        "nixpkgs": [
          "nixpkgs"
        ]
      },
      "locked": {
        "lastModified": 1791101754,
        "narHash": "sha256-y/GF+9B0t0TZ0nQiSRMqDXpr76yT7sdDbS/3GNLhzkE=",
        "owner": "oxalica",
        "repo": "rust-overlay",
        "rev": "dbc715a4b7c0ace63b9769a032d1dd34cd89e5bd",
        "type": "github"
      },
      "original": {
        "owner": "oxalica",
        "repo": "rust-overlay",
        "type": "github"
      }
    }
  },
  "root": "root",
  "version": 7
}
